
Microsoft Visual Studio Solution File, Format Version 12.00
# Visual Studio Version 17
VisualStudioVersion = 17.12.35527.113 d17.12
MinimumVisualStudioVersion = 10.0.40219.1
Project("{FAE04EC0-301F-11D3-BF4B-00C04F79EFBC}") = "RealEstate_2_API", "RealEstate_2_API\RealEstate_2_API.csproj", "{FD0013B1-6574-4048-AB14-6627C9CE8E74}"
EndProject
Project("{FAE04EC0-301F-11D3-BF4B-00C04F79EFBC}") = "RealEstate_2_UI", "RealEstate_2_UI\RealEstate_2_UI.csproj", "{9B596CCD-591E-4262-9DD5-F8795C48E3BE}"
EndProject
Global
	GlobalSection(SolutionConfigurationPlatforms) = preSolution
		Debug|Any CPU = Debug|Any CPU
		Release|Any CPU = Release|Any CPU
	EndGlobalSection
	GlobalSection(ProjectConfigurationPlatforms) = postSolution
		{FD0013B1-6574-4048-AB14-6627C9CE8E74}.Debug|Any CPU.ActiveCfg = Debug|Any CPU
		{FD0013B1-6574-4048-AB14-6627C9CE8E74}.Debug|Any CPU.Build.0 = Debug|Any CPU
		{FD0013B1-6574-4048-AB14-6627C9CE8E74}.Release|Any CPU.ActiveCfg = Release|Any CPU
		{FD0013B1-6574-4048-AB14-6627C9CE8E74}.Release|Any CPU.Build.0 = Release|Any CPU
		{9B596CCD-591E-4262-9DD5-F8795C48E3BE}.Debug|Any CPU.ActiveCfg = Debug|Any CPU
		{9B596CCD-591E-4262-9DD5-F8795C48E3BE}.Debug|Any CPU.Build.0 = Debug|Any CPU
		{9B596CCD-591E-4262-9DD5-F8795C48E3BE}.Release|Any CPU.ActiveCfg = Release|Any CPU
		{9B596CCD-591E-4262-9DD5-F8795C48E3BE}.Release|Any CPU.Build.0 = Release|Any CPU
	EndGlobalSection
	GlobalSection(SolutionProperties) = preSolution
		HideSolutionNode = FALSE
	EndGlobalSection
EndGlobal
